Microsoft Visual Studio Solution File, Format Version 11.00
# Visual Studio 2008

Project("{639006A2-9288-0EF9-D97B-E5148C422D24}") = "AlienAttorney", "Assembly-CSharp-vs.csproj", "{57AE3821-F178-1781-E48F-C972490076BF}"
EndProject
Project("{639006A2-9288-0EF9-D97B-E5148C422D24}") = "AlienAttorney", "Assembly-CSharp-Editor-vs.csproj", "{81C25642-3CC8-9D26-0D4D-DB48BC8D4960}"
EndProject
Global
	GlobalSection(SolutionConfigurationPlatforms) = preSolution
		Debug|Any CPU = Debug|Any CPU
		Release|Any CPU = Release|Any CPU
	EndGlobalSection
	GlobalSection(ProjectConfigurationPlatforms) = postSolution
		{57AE3821-F178-1781-E48F-C972490076BF}.Debug|Any CPU.ActiveCfg = Debug|Any CPU
		{57AE3821-F178-1781-E48F-C972490076BF}.Debug|Any CPU.Build.0 = Debug|Any CPU
		{57AE3821-F178-1781-E48F-C972490076BF}.Release|Any CPU.ActiveCfg = Release|Any CPU
		{57AE3821-F178-1781-E48F-C972490076BF}.Release|Any CPU.Build.0 = Release|Any CPU
		{81C25642-3CC8-9D26-0D4D-DB48BC8D4960}.Debug|Any CPU.ActiveCfg = Debug|Any CPU
		{81C25642-3CC8-9D26-0D4D-DB48BC8D4960}.Debug|Any CPU.Build.0 = Debug|Any CPU
		{81C25642-3CC8-9D26-0D4D-DB48BC8D4960}.Release|Any CPU.ActiveCfg = Release|Any CPU
		{81C25642-3CC8-9D26-0D4D-DB48BC8D4960}.Release|Any CPU.Build.0 = Release|Any CPU
	EndGlobalSection
	GlobalSection(SolutionProperties) = preSolution
		HideSolutionNode = FALSE
	EndGlobalSection
																																					GlobalSection(MonoDevelopProperties) = preSolution
		StartupItem = Assembly-CSharp.csproj
		Policies = $0
		$0.TextStylePolicy = $1
		$1.inheritsSet = null
		$1.scope = text/x-csharp
		$0.CSharpFormattingPolicy = $2
		$2.inheritsSet = Mono
		$2.inheritsScope = text/x-csharp
		$2.scope = text/x-csharp
		$0.TextStylePolicy = $3
		$3.FileWidth = 120
		$3.TabWidth = 4
		$3.EolMarker = Unix
		$3.inheritsSet = Mono
		$3.inheritsScope = text/plain
		$3.scope = text/plain
	EndGlobalSection

EndGlobal
